// !$*UTF8*$!
{
	archiveVersion = 1;
	classes = {
	};
	objectVersion = 50;
	objects = {

/* Begin PBXBuildFile section */
		C1C42E84249BB16000F4055A /* AppDelegate.m in Sources */ = {isa = PBXBuildFile; fileRef = C1C42E83249BB16000F4055A /* AppDelegate.m */; };
		C1C42E87249BB16000F4055A /* SceneDelegate.m in Sources */ = {isa = PBXBuildFile; fileRef = C1C42E86249BB16000F4055A /* SceneDelegate.m */; };
		C1C42E8A249BB16000F4055A /* ViewController.m in Sources */ = {isa = PBXBuildFile; fileRef = C1C42E89249BB16000F4055A /* ViewController.m */; };
		C1C42E8D249BB16000F4055A /* Main.storyboard in Resources */ = {isa = PBXBuildFile; fileRef = C1C42E8B249BB16000F4055A /* Main.storyboard */; };
		C1C42E8F249BB16200F4055A /* Assets.xcassets in Resources */ = {isa = PBXBuildFile; fileRef = C1C42E8E249BB16200F4055A /* Assets.xcassets */; };
		C1C42E92249BB16200F4055A /* LaunchScreen.storyboard in Resources */ = {isa = PBXBuildFile; fileRef = C1C42E90249BB16200F4055A /* LaunchScreen.storyboard */; };
		C1C42E95249BB16200F4055A /* main.m in Sources */ = {isa = PBXBuildFile; fileRef = C1C42E94249BB16200F4055A /* main.m */; };
		C1C42E9F249BB16200F4055A /* ___APITests.m in Sources */ = {isa = PBXBuildFile; fileRef = C1C42E9E249BB16200F4055A /* ___APITests.m */; };
		C1C42EAA249BB16200F4055A /* ___APIUITests.m in Sources */ = {isa = PBXBuildFile; fileRef = C1C42EA9249BB16200F4055A /* ___APIUITests.m */; };
/* End PBXBuildFile section */

/* Begin PBXContainerItemProxy section */
		C1C42E9B249BB16200F4055A /* PBXContainerItemProxy */ = {
			isa = PBXContainerItemProxy;
			containerPortal = C1C42E77249BB16000F4055A /* Project object */;
			proxyType = 1;
			remoteGlobalIDString = C1C42E7E249BB16000F4055A;
			remoteInfo = "私有的API";
		};
		C1C42EA6249BB16200F4055A /* PBXContainerItemProxy */ = {
			isa = PBXContainerItemProxy;
			containerPortal = C1C42E77249BB16000F4055A /* Project object */;
			proxyType = 1;
			remoteGlobalIDString = C1C42E7E249BB16000F4055A;
			remoteInfo = "私有的API";
		};
/* End PBXContainerItemProxy section */

/* Begin PBXFileReference section */
		C1C42E7F249BB16000F4055A /* 私有的API.app */ = {isa = PBXFileReference; explicitFileType = wrapper.application; includeInIndex = 0; path = "私有的API.app"; sourceTree = BUILT_PRODUCTS_DIR; };
		C1C42E82249BB16000F4055A /* AppDelegate.h */ = {isa = PBXFileReference; lastKnownFileType = sourcecode.c.h; path = AppDelegate.h; sourceTree = "<group>"; };
		C1C42E83249BB16000F4055A /* AppDelegate.m */ = {isa = PBXFileReference; lastKnownFileType = sourcecode.c.objc; path = AppDelegate.m; sourceTree = "<group>"; };
		C1C42E85249BB16000F4055A /* SceneDelegate.h */ = {isa = PBXFileReference; lastKnownFileType = sourcecode.c.h; path = SceneDelegate.h; sourceTree = "<group>"; };
		C1C42E86249BB16000F4055A /* SceneDelegate.m */ = {isa = PBXFileReference; lastKnownFileType = sourcecode.c.objc; path = SceneDelegate.m; sourceTree = "<group>"; };
		C1C42E88249BB16000F4055A /* ViewController.h */ = {isa = PBXFileReference; lastKnownFileType = sourcecode.c.h; path = ViewController.h; sourceTree = "<group>"; };
		C1C42E89249BB16000F4055A /* ViewController.m */ = {isa = PBXFileReference; lastKnownFileType = sourcecode.c.objc; path = ViewController.m; sourceTree = "<group>"; };
		C1C42E8C249BB16000F4055A /* Base */ = {isa = PBXFileReference; lastKnownFileType = file.storyboard; name = Base; path = Base.lproj/Main.storyboard; sourceTree = "<group>"; };
		C1C42E8E249BB16200F4055A /* Assets.xcassets */ = {isa = PBXFileReference; lastKnownFileType = folder.assetcatalog; path = Assets.xcassets; sourceTree = "<group>"; };
		C1C42E91249BB16200F4055A /* Base */ = {isa = PBXFileReference; lastKnownFileType = file.storyboard; name = Base; path = Base.lproj/LaunchScreen.storyboard; sourceTree = "<group>"; };
		C1C42E93249BB16200F4055A /* Info.plist */ = {isa = PBXFileReference; lastKnownFileType = text.plist.xml; path = Info.plist; sourceTree = "<group>"; };
		C1C42E94249BB16200F4055A /* main.m */ = {isa = PBXFileReference; lastKnownFileType = sourcecode.c.objc; path = main.m; sourceTree = "<group>"; };
		C1C42E9A249BB16200F4055A /* 私有的APITests.xctest */ = {isa = PBXFileReference; explicitFileType = wrapper.cfbundle; includeInIndex = 0; path = "私有的APITests.xctest"; sourceTree = BUILT_PRODUCTS_DIR; };
		C1C42E9E249BB16200F4055A /* ___APITests.m */ = {isa = PBXFileReference; lastKnownFileType = sourcecode.c.objc; path = "___APITests.m"; sourceTree = "<group>"; };
		C1C42EA0249BB16200F4055A /* Info.plist */ = {isa = PBXFileReference; lastKnownFileType = text.plist.xml; path = Info.plist; sourceTree = "<group>"; };
		C1C42EA5249BB16200F4055A /* 私有的APIUITests.xctest */ = {isa = PBXFileReference; explicitFileType = wrapper.cfbundle; includeInIndex = 0; path = "私有的APIUITests.xctest"; sourceTree = BUILT_PRODUCTS_DIR; };
		C1C42EA9249BB16200F4055A /* ___APIUITests.m */ = {isa = PBXFileReference; lastKnownFileType = sourcecode.c.objc; path = "___APIUITests.m"; sourceTree = "<group>"; };
		C1C42EAB249BB16200F4055A /* Info.plist */ = {isa = PBXFileReference; lastKnownFileType = text.plist.xml; path = Info.plist; sourceTree = "<group>"; };
/* End PBXFileReference section */

/* Begin PBXFrameworksBuildPhase section */
		C1C42E7C249BB16000F4055A /* Frameworks */ = {
			isa = PBXFrameworksBuildPhase;
			buildActionMask = 2147483647;
			files = (
			);
			runOnlyForDeploymentPostprocessing = 0;
		};
		C1C42E97249BB16200F4055A /* Frameworks */ = {
			isa = PBXFrameworksBuildPhase;
			buildActionMask = 2147483647;
			files = (
			);
			runOnlyForDeploymentPostprocessing = 0;
		};
		C1C42EA2249BB16200F4055A /* Frameworks */ = {
			isa = PBXFrameworksBuildPhase;
			buildActionMask = 2147483647;
			files = (
			);
			runOnlyForDeploymentPostprocessing = 0;
		};
/* End PBXFrameworksBuildPhase section */

/* Begin PBXGroup section */
		C1C42E76249BB16000F4055A = {
			isa = PBXGroup;
			children = (
				C1C42E81249BB16000F4055A /* 私有的API */,
				C1C42E9D249BB16200F4055A /* 私有的APITests */,
				C1C42EA8249BB16200F4055A /* 私有的APIUITests */,
				C1C42E80249BB16000F4055A /* Products */,
			);
			sourceTree = "<group>";
		};
		C1C42E80249BB16000F4055A /* Products */ = {
			isa = PBXGroup;
			children = (
				C1C42E7F249BB16000F4055A /* 私有的API.app */,
				C1C42E9A249BB16200F4055A /* 私有的APITests.xctest */,
				C1C42EA5249BB16200F4055A /* 私有的APIUITests.xctest */,
			);
			name = Products;
			sourceTree = "<group>";
		};
		C1C42E81249BB16000F4055A /* 私有的API */ = {
			isa = PBXGroup;
			children = (
				C1C42E82249BB16000F4055A /* AppDelegate.h */,
				C1C42E83249BB16000F4055A /* AppDelegate.m */,
				C1C42E85249BB16000F4055A /* SceneDelegate.h */,
				C1C42E86249BB16000F4055A /* SceneDelegate.m */,
				C1C42E88249BB16000F4055A /* ViewController.h */,
				C1C42E89249BB16000F4055A /* ViewController.m */,
				C1C42E8B249BB16000F4055A /* Main.storyboard */,
				C1C42E8E249BB16200F4055A /* Assets.xcassets */,
				C1C42E90249BB16200F4055A /* LaunchScreen.storyboard */,
				C1C42E93249BB16200F4055A /* Info.plist */,
				C1C42E94249BB16200F4055A /* main.m */,
			);
			path = "私有的API";
			sourceTree = "<group>";
		};
		C1C42E9D249BB16200F4055A /* 私有的APITests */ = {
			isa = PBXGroup;
			children = (
				C1C42E9E249BB16200F4055A /* ___APITests.m */,
				C1C42EA0249BB16200F4055A /* Info.plist */,
			);
			path = "私有的APITests";
			sourceTree = "<group>";
		};
		C1C42EA8249BB16200F4055A /* 私有的APIUITests */ = {
			isa = PBXGroup;
			children = (
				C1C42EA9249BB16200F4055A /* ___APIUITests.m */,
				C1C42EAB249BB16200F4055A /* Info.plist */,
			);
			path = "私有的APIUITests";
			sourceTree = "<group>";
		};
/* End PBXGroup section */

/* Begin PBXNativeTarget section */
		C1C42E7E249BB16000F4055A /* 私有的API */ = {
			isa = PBXNativeTarget;
			buildConfigurationList = C1C42EAE249BB16200F4055A /* Build configuration list for PBXNativeTarget "私有的API" */;
			buildPhases = (
				C1C42E7B249BB16000F4055A /* Sources */,
				C1C42E7C249BB16000F4055A /* Frameworks */,
				C1C42E7D249BB16000F4055A /* Resources */,
			);
			buildRules = (
			);
			dependencies = (
			);
			name = "私有的API";
			productName = "私有的API";
			productReference = C1C42E7F249BB16000F4055A /* 私有的API.app */;
			productType = "com.apple.product-type.application";
		};
		C1C42E99249BB16200F4055A /* 私有的APITests */ = {
			isa = PBXNativeTarget;
			buildConfigurationList = C1C42EB1249BB16200F4055A /* Build configuration list for PBXNativeTarget "私有的APITests" */;
			buildPhases = (
				C1C42E96249BB16200F4055A /* Sources */,
				C1C42E97249BB16200F4055A /* Frameworks */,
				C1C42E98249BB16200F4055A /* Resources */,
			);
			buildRules = (
			);
			dependencies = (
				C1C42E9C249BB16200F4055A /* PBXTargetDependency */,
			);
			name = "私有的APITests";
			productName = "私有的APITests";
			productReference = C1C42E9A249BB16200F4055A /* 私有的APITests.xctest */;
			productType = "com.apple.product-type.bundle.unit-test";
		};
		C1C42EA4249BB16200F4055A /* 私有的APIUITests */ = {
			isa = PBXNativeTarget;
			buildConfigurationList = C1C42EB4249BB16200F4055A /* Build configuration list for PBXNativeTarget "私有的APIUITests" */;
			buildPhases = (
				C1C42EA1249BB16200F4055A /* Sources */,
				C1C42EA2249BB16200F4055A /* Frameworks */,
				C1C42EA3249BB16200F4055A /* Resources */,
			);
			buildRules = (
			);
			dependencies = (
				C1C42EA7249BB16200F4055A /* PBXTargetDependency */,
			);
			name = "私有的APIUITests";
			productName = "私有的APIUITests";
			productReference = C1C42EA5249BB16200F4055A /* 私有的APIUITests.xctest */;
			productType = "com.apple.product-type.bundle.ui-testing";
		};
/* End PBXNativeTarget section */

/* Begin PBXProject section */
		C1C42E77249BB16000F4055A /* Project object */ = {
			isa = PBXProject;
			attributes = {
				LastUpgradeCheck = 1150;
				ORGANIZATIONNAME = "梁森";
				TargetAttributes = {
					C1C42E7E249BB16000F4055A = {
						CreatedOnToolsVersion = 11.5;
					};
					C1C42E99249BB16200F4055A = {
						CreatedOnToolsVersion = 11.5;
						TestTargetID = C1C42E7E249BB16000F4055A;
					};
					C1C42EA4249BB16200F4055A = {
						CreatedOnToolsVersion = 11.5;
						TestTargetID = C1C42E7E249BB16000F4055A;
					};
				};
			};
			buildConfigurationList = C1C42E7A249BB16000F4055A /* Build configuration list for PBXProject "私有的API" */;
			compatibilityVersion = "Xcode 9.3";
			developmentRegion = en;
			hasScannedForEncodings = 0;
			knownRegions = (
				en,
				Base,
			);
			mainGroup = C1C42E76249BB16000F4055A;
			productRefGroup = C1C42E80249BB16000F4055A /* Products */;
			projectDirPath = "";
			projectRoot = "";
			targets = (
				C1C42E7E249BB16000F4055A /* 私有的API */,
				C1C42E99249BB16200F4055A /* 私有的APITests */,
				C1C42EA4249BB16200F4055A /* 私有的APIUITests */,
			);
		};
/* End PBXProject section */

/* Begin PBXResourcesBuildPhase section */
		C1C42E7D249BB16000F4055A /* Resources */ = {
			isa = PBXResourcesBuildPhase;
			buildActionMask = 2147483647;
			files = (
				C1C42E92249BB16200F4055A /* LaunchScreen.storyboard in Resources */,
				C1C42E8F249BB16200F4055A /* Assets.xcassets in Resources */,
				C1C42E8D249BB16000F4055A /* Main.storyboard in Resources */,
			);
			runOnlyForDeploymentPostprocessing = 0;
		};
		C1C42E98249BB16200F4055A /* Resources */ = {
			isa = PBXResourcesBuildPhase;
			buildActionMask = 2147483647;
			files = (
			);
			runOnlyForDeploymentPostprocessing = 0;
		};
		C1C42EA3249BB16200F4055A /* Resources */ = {
			isa = PBXResourcesBuildPhase;
			buildActionMask = 2147483647;
			files = (
			);
			runOnlyForDeploymentPostprocessing = 0;
		};
/* End PBXResourcesBuildPhase section */

/* Begin PBXSourcesBuildPhase section */
		C1C42E7B249BB16000F4055A /* Sources */ = {
			isa = PBXSourcesBuildPhase;
			buildActionMask = 2147483647;
			files = (
				C1C42E8A249BB16000F4055A /* ViewController.m in Sources */,
				C1C42E84249BB16000F4055A /* AppDelegate.m in Sources */,
				C1C42E95249BB16200F4055A /* main.m in Sources */,
				C1C42E87249BB16000F4055A /* SceneDelegate.m in Sources */,
			);
			runOnlyForDeploymentPostprocessing = 0;
		};
		C1C42E96249BB16200F4055A /* Sources */ = {
			isa = PBXSourcesBuildPhase;
			buildActionMask = 2147483647;
			files = (
				C1C42E9F249BB16200F4055A /* ___APITests.m in Sources */,
			);
			runOnlyForDeploymentPostprocessing = 0;
		};
		C1C42EA1249BB16200F4055A /* Sources */ = {
			isa = PBXSourcesBuildPhase;
			buildActionMask = 2147483647;
			files = (
				C1C42EAA249BB16200F4055A /* ___APIUITests.m in Sources */,
			);
			runOnlyForDeploymentPostprocessing = 0;
		};
/* End PBXSourcesBuildPhase section */

/* Begin PBXTargetDependency section */
		C1C42E9C249BB16200F4055A /* PBXTargetDependency */ = {
			isa = PBXTargetDependency;
			target = C1C42E7E249BB16000F4055A /* 私有的API */;
			targetProxy = C1C42E9B249BB16200F4055A /* PBXContainerItemProxy */;
		};
		C1C42EA7249BB16200F4055A /* PBXTargetDependency */ = {
			isa = PBXTargetDependency;
			target = C1C42E7E249BB16000F4055A /* 私有的API */;
			targetProxy = C1C42EA6249BB16200F4055A /* PBXContainerItemProxy */;
		};
/* End PBXTargetDependency section */

/* Begin PBXVariantGroup section */
		C1C42E8B249BB16000F4055A /* Main.storyboard */ = {
			isa = PBXVariantGroup;
			children = (
				C1C42E8C249BB16000F4055A /* Base */,
			);
			name = Main.storyboard;
			sourceTree = "<group>";
		};
		C1C42E90249BB16200F4055A /* LaunchScreen.storyboard */ = {
			isa = PBXVariantGroup;
			children = (
				C1C42E91249BB16200F4055A /* Base */,
			);
			name = LaunchScreen.storyboard;
			sourceTree = "<group>";
		};
/* End PBXVariantGroup section */

/* Begin XCBuildConfiguration section */
		C1C42EAC249BB16200F4055A /* Debug */ = {
			isa = XCBuildConfiguration;
			buildSettings = {
				ALWAYS_SEARCH_USER_PATHS = NO;
				CLANG_ANALYZER_NONNULL = YES;
				CLANG_ANALYZER_NUMBER_OBJECT_CONVERSION = YES_AGGRESSIVE;
				CLANG_CXX_LANGUAGE_STANDARD = "gnu++14";
				CLANG_CXX_LIBRARY = "libc++";
				CLANG_ENABLE_MODULES = YES;
				CLANG_ENABLE_OBJC_ARC = YES;
				CLANG_ENABLE_OBJC_WEAK = YES;
				CLANG_WARN_BLOCK_CAPTURE_AUTORELEASING = YES;
				CLANG_WARN_BOOL_CONVERSION = YES;
				CLANG_WARN_COMMA = YES;
				CLANG_WARN_CONSTANT_CONVERSION = YES;
				CLANG_WARN_DEPRECATED_OBJC_IMPLEMENTATIONS = YES;
				CLANG_WARN_DIRECT_OBJC_ISA_USAGE = YES_ERROR;
				CLANG_WARN_DOCUMENTATION_COMMENTS = YES;
				CLANG_WARN_EMPTY_BODY = YES;
				CLANG_WARN_ENUM_CONVERSION = YES;
				CLANG_WARN_INFINITE_RECURSION = YES;
				CLANG_WARN_INT_CONVERSION = YES;
				CLANG_WARN_NON_LITERAL_NULL_CONVERSION = YES;
				CLANG_WARN_OBJC_IMPLICIT_RETAIN_SELF = YES;
				CLANG_WARN_OBJC_LITERAL_CONVERSION = YES;
				CLANG_WARN_OBJC_ROOT_CLASS = YES_ERROR;
				CLANG_WARN_RANGE_LOOP_ANALYSIS = YES;
				CLANG_WARN_STRICT_PROTOTYPES = YES;
				CLANG_WARN_SUSPICIOUS_MOVE = YES;
				CLANG_WARN_UNGUARDED_AVAILABILITY = YES_AGGRESSIVE;
				CLANG_WARN_UNREACHABLE_CODE = YES;
				CLANG_WARN__DUPLICATE_METHOD_MATCH = YES;
				COPY_PHASE_STRIP = NO;
				DEBUG_INFORMATION_FORMAT = dwarf;
				ENABLE_STRICT_OBJC_MSGSEND = YES;
				ENABLE_TESTABILITY = YES;
				GCC_C_LANGUAGE_STANDARD = gnu11;
				GCC_DYNAMIC_NO_PIC = NO;
				GCC_NO_COMMON_BLOCKS = YES;
				GCC_OPTIMIZATION_LEVEL = 0;
				GCC_PREPROCESSOR_DEFINITIONS = (
					"DEBUG=1",
					"$(inherited)",
				);
				GCC_WARN_64_TO_32_BIT_CONVERSION = YES;
				GCC_WARN_ABOUT_RETURN_TYPE = YES_ERROR;
				GCC_WARN_UNDECLARED_SELECTOR = YES;
				GCC_WARN_UNINITIALIZED_AUTOS = YES_AGGRESSIVE;
				GCC_WARN_UNUSED_FUNCTION = YES;
				GCC_WARN_UNUSED_VARIABLE = YES;
				IPHONEOS_DEPLOYMENT_TARGET = 13.5;
				MTL_ENABLE_DEBUG_INFO = INCLUDE_SOURCE;
				MTL_FAST_MATH = YES;
				ONLY_ACTIVE_ARCH = YES;
				SDKROOT = iphoneos;
			};
			name = Debug;
		};
		C1C42EAD249BB16200F4055A /* Release */ = {
			isa = XCBuildConfiguration;
			buildSettings = {
				ALWAYS_SEARCH_USER_PATHS = NO;
				CLANG_ANALYZER_NONNULL = YES;
				CLANG_ANALYZER_NUMBER_OBJECT_CONVERSION = YES_AGGRESSIVE;
				CLANG_CXX_LANGUAGE_STANDARD = "gnu++14";
				CLANG_CXX_LIBRARY = "libc++";
				CLANG_ENABLE_MODULES = YES;
				CLANG_ENABLE_OBJC_ARC = YES;
				CLANG_ENABLE_OBJC_WEAK = YES;
				CLANG_WARN_BLOCK_CAPTURE_AUTORELEASING = YES;
				CLANG_WARN_BOOL_CONVERSION = YES;
				CLANG_WARN_COMMA = YES;
				CLANG_WARN_CONSTANT_CONVERSION = YES;
				CLANG_WARN_DEPRECATED_OBJC_IMPLEMENTATIONS = YES;
				CLANG_WARN_DIRECT_OBJC_ISA_USAGE = YES_ERROR;
				CLANG_WARN_DOCUMENTATION_COMMENTS = YES;
				CLANG_WARN_EMPTY_BODY = YES;
				CLANG_WARN_ENUM_CONVERSION = YES;
				CLANG_WARN_INFINITE_RECURSION = YES;
				CLANG_WARN_INT_CONVERSION = YES;
				CLANG_WARN_NON_LITERAL_NULL_CONVERSION = YES;
				CLANG_WARN_OBJC_IMPLICIT_RETAIN_SELF = YES;
				CLANG_WARN_OBJC_LITERAL_CONVERSION = YES;
				CLANG_WARN_OBJC_ROOT_CLASS = YES_ERROR;
				CLANG_WARN_RANGE_LOOP_ANALYSIS = YES;
				CLANG_WARN_STRICT_PROTOTYPES = YES;
				CLANG_WARN_SUSPICIOUS_MOVE = YES;
				CLANG_WARN_UNGUARDED_AVAILABILITY = YES_AGGRESSIVE;
				CLANG_WARN_UNREACHABLE_CODE = YES;
				CLANG_WARN__DUPLICATE_METHOD_MATCH = YES;
				COPY_PHASE_STRIP = NO;
				DEBUG_INFORMATION_FORMAT = "dwarf-with-dsym";
				ENABLE_NS_ASSERTIONS = NO;
				ENABLE_STRICT_OBJC_MSGSEND = YES;
				GCC_C_LANGUAGE_STANDARD = gnu11;
				GCC_NO_COMMON_BLOCKS = YES;
				GCC_WARN_64_TO_32_BIT_CONVERSION = YES;
				GCC_WARN_ABOUT_RETURN_TYPE = YES_ERROR;
				GCC_WARN_UNDECLARED_SELECTOR = YES;
				GCC_WARN_UNINITIALIZED_AUTOS = YES_AGGRESSIVE;
				GCC_WARN_UNUSED_FUNCTION = YES;
				GCC_WARN_UNUSED_VARIABLE = YES;
				IPHONEOS_DEPLOYMENT_TARGET = 13.5;
				MTL_ENABLE_DEBUG_INFO = NO;
				MTL_FAST_MATH = YES;
				SDKROOT = iphoneos;
				VALIDATE_PRODUCT = YES;
			};
			name = Release;
		};
		C1C42EAF249BB16200F4055A /* Debug */ = {
			isa = XCBuildConfiguration;
			buildSettings = {
				ASSETCATALOG_COMPILER_APPICON_NAME = AppIcon;
				CODE_SIGN_STYLE = Automatic;
				DEVELOPMENT_TEAM = 58GP5T8P44;
				INFOPLIST_FILE = "私有的API/Info.plist";
				LD_RUNPATH_SEARCH_PATHS = (
					"$(inherited)",
					"@executable_path/Frameworks",
				);
				PRODUCT_BUNDLE_IDENTIFIER = "com.ls.ls.---API";
				PRODUCT_NAME = "$(TARGET_NAME)";
				TARGETED_DEVICE_FAMILY = "1,2";
			};
			name = Debug;
		};
		C1C42EB0249BB16200F4055A /* Release */ = {
			isa = XCBuildConfiguration;
			buildSettings = {
				ASSETCATALOG_COMPILER_APPICON_NAME = AppIcon;
				CODE_SIGN_STYLE = Automatic;
				DEVELOPMENT_TEAM = 58GP5T8P44;
				INFOPLIST_FILE = "私有的API/Info.plist";
				LD_RUNPATH_SEARCH_PATHS = (
					"$(inherited)",
					"@executable_path/Frameworks",
				);
				PRODUCT_BUNDLE_IDENTIFIER = "com.ls.ls.---API";
				PRODUCT_NAME = "$(TARGET_NAME)";
				TARGETED_DEVICE_FAMILY = "1,2";
			};
			name = Release;
		};
		C1C42EB2249BB16200F4055A /* Debug */ = {
			isa = XCBuildConfiguration;
			buildSettings = {
				BUNDLE_LOADER = "$(TEST_HOST)";
				CODE_SIGN_STYLE = Automatic;
				DEVELOPMENT_TEAM = 58GP5T8P44;
				INFOPLIST_FILE = "私有的APITests/Info.plist";
				IPHONEOS_DEPLOYMENT_TARGET = 13.5;
				LD_RUNPATH_SEARCH_PATHS = (
					"$(inherited)",
					"@executable_path/Frameworks",
					"@loader_path/Frameworks",
				);
				PRODUCT_BUNDLE_IDENTIFIER = "com.ls.ls.---APITests";
				PRODUCT_NAME = "$(TARGET_NAME)";
				TARGETED_DEVICE_FAMILY = "1,2";
				TEST_HOST = "$(BUILT_PRODUCTS_DIR)/私有的API.app/私有的API";
			};
			name = Debug;
		};
		C1C42EB3249BB16200F4055A /* Release */ = {
			isa = XCBuildConfiguration;
			buildSettings = {
				BUNDLE_LOADER = "$(TEST_HOST)";
				CODE_SIGN_STYLE = Automatic;
				DEVELOPMENT_TEAM = 58GP5T8P44;
				INFOPLIST_FILE = "私有的APITests/Info.plist";
				IPHONEOS_DEPLOYMENT_TARGET = 13.5;
				LD_RUNPATH_SEARCH_PATHS = (
					"$(inherited)",
					"@executable_path/Frameworks",
					"@loader_path/Frameworks",
				);
				PRODUCT_BUNDLE_IDENTIFIER = "com.ls.ls.---APITests";
				PRODUCT_NAME = "$(TARGET_NAME)";
				TARGETED_DEVICE_FAMILY = "1,2";
				TEST_HOST = "$(BUILT_PRODUCTS_DIR)/私有的API.app/私有的API";
			};
			name = Release;
		};
		C1C42EB5249BB16200F4055A /* Debug */ = {
			isa = XCBuildConfiguration;
			buildSettings = {
				CODE_SIGN_STYLE = Automatic;
				DEVELOPMENT_TEAM = 58GP5T8P44;
				INFOPLIST_FILE = "私有的APIUITests/Info.plist";
				LD_RUNPATH_SEARCH_PATHS = (
					"$(inherited)",
					"@executable_path/Frameworks",
					"@loader_path/Frameworks",
				);
				PRODUCT_BUNDLE_IDENTIFIER = "com.ls.ls.---APIUITests";
				PRODUCT_NAME = "$(TARGET_NAME)";
				TARGETED_DEVICE_FAMILY = "1,2";
				TEST_TARGET_NAME = "私有的API";
			};
			name = Debug;
		};
		C1C42EB6249BB16200F4055A /* Release */ = {
			isa = XCBuildConfiguration;
			buildSettings = {
				CODE_SIGN_STYLE = Automatic;
				DEVELOPMENT_TEAM = 58GP5T8P44;
				INFOPLIST_FILE = "私有的APIUITests/Info.plist";
				LD_RUNPATH_SEARCH_PATHS = (
					"$(inherited)",
					"@executable_path/Frameworks",
					"@loader_path/Frameworks",
				);
				PRODUCT_BUNDLE_IDENTIFIER = "com.ls.ls.---APIUITests";
				PRODUCT_NAME = "$(TARGET_NAME)";
				TARGETED_DEVICE_FAMILY = "1,2";
				TEST_TARGET_NAME = "私有的API";
			};
			name = Release;
		};
/* End XCBuildConfiguration section */

/* Begin XCConfigurationList section */
		C1C42E7A249BB16000F4055A /* Build configuration list for PBXProject "私有的API" */ = {
			isa = XCConfigurationList;
			buildConfigurations = (
				C1C42EAC249BB16200F4055A /* Debug */,
				C1C42EAD249BB16200F4055A /* Release */,
			);
			defaultConfigurationIsVisible = 0;
			defaultConfigurationName = Release;
		};
		C1C42EAE249BB16200F4055A /* Build configuration list for PBXNativeTarget "私有的API" */ = {
			isa = XCConfigurationList;
			buildConfigurations = (
				C1C42EAF249BB16200F4055A /* Debug */,
				C1C42EB0249BB16200F4055A /* Release */,
			);
			defaultConfigurationIsVisible = 0;
			defaultConfigurationName = Release;
		};
		C1C42EB1249BB16200F4055A /* Build configuration list for PBXNativeTarget "私有的APITests" */ = {
			isa = XCConfigurationList;
			buildConfigurations = (
				C1C42EB2249BB16200F4055A /* Debug */,
				C1C42EB3249BB16200F4055A /* Release */,
			);
			defaultConfigurationIsVisible = 0;
			defaultConfigurationName = Release;
		};
		C1C42EB4249BB16200F4055A /* Build configuration list for PBXNativeTarget "私有的APIUITests" */ = {
			isa = XCConfigurationList;
			buildConfigurations = (
				C1C42EB5249BB16200F4055A /* Debug */,
				C1C42EB6249BB16200F4055A /* Release */,
			);
			defaultConfigurationIsVisible = 0;
			defaultConfigurationName = Release;
		};
/* End XCConfigurationList section */
	};
	rootObject = C1C42E77249BB16000F4055A /* Project object */;
}
